
Microsoft Visual Studio Solution File, Format Version 12.00
# Visual Studio Version 16
VisualStudioVersion = 16.0.29306.81
MinimumVisualStudioVersion = 10.0.40219.1
Project("{FAE04EC0-301F-11D3-BF4B-00C04F79EFBC}") = "Lesson_002", "Lesson_002\Lesson_002.csproj", "{4376A9F4-C89F-4564-B9B5-53F9F7F84AE2}"
EndProject
Global
	GlobalSection(SolutionConfigurationPlatforms) = preSolution
		Debug|Any CPU = Debug|Any CPU
		Release|Any CPU = Release|Any CPU
	EndGlobalSection
	GlobalSection(ProjectConfigurationPlatforms) = postSolution
		{4376A9F4-C89F-4564-B9B5-53F9F7F84AE2}.Debug|Any CPU.ActiveCfg = Debug|Any CPU
		{4376A9F4-C89F-4564-B9B5-53F9F7F84AE2}.Debug|Any CPU.Build.0 = Debug|Any CPU
		{4376A9F4-C89F-4564-B9B5-53F9F7F84AE2}.Release|Any CPU.ActiveCfg = Release|Any CPU
		{4376A9F4-C89F-4564-B9B5-53F9F7F84AE2}.Release|Any CPU.Build.0 = Release|Any CPU
	EndGlobalSection
	GlobalSection(SolutionProperties) = preSolution
		HideSolutionNode = FALSE
	EndGlobalSection
	GlobalSection(ExtensibilityGlobals) = postSolution
		SolutionGuid = {A4C05E5C-C410-471E-BD6F-CD3CFC508EDA}
	EndGlobalSection
EndGlobal
